
Microsoft Visual Studio Solution File, Format Version 12.00
# Visual Studio Version 17
VisualStudioVersion = 17.0.31903.59
MinimumVisualStudioVersion = 10.0.40219.1
Project("{9A19103F-16F7-4668-BE54-9A1E7A4F7556}") = "XmlToJsonConverter.Domain", "XmlToJsonConverter.Domain\XmlToJsonConverter.Domain.csproj", "{1252D325-B661-4660-9B81-1C4ED60C017A}"
EndProject
Project("{9A19103F-16F7-4668-BE54-9A1E7A4F7556}") = "XmlToJsonConverter.Application", "XmlToJsonConverter.Application\XmlToJsonConverter.Application.csproj", "{61C2730D-C5F8-475C-B759-089A995528C9}"
EndProject
Project("{9A19103F-16F7-4668-BE54-9A1E7A4F7556}") = "XmlToJsonConverter.Infrastructure", "XmlToJsonConverter.Infrastructure\XmlToJsonConverter.Infrastructure.csproj", "{D38A0A64-9A22-41EB-B953-C58D7DD6F9DF}"
EndProject
Project("{9A19103F-16F7-4668-BE54-9A1E7A4F7556}") = "XmlToJsonConverter.Web", "XmlToJsonConverter.Web\XmlToJsonConverter.Web.csproj", "{29B9F0CD-CC40-4632-B337-16282EC1F0D1}"
EndProject
Project("{FAE04EC0-301F-11D3-BF4B-00C04F79EFBC}") = "XmlToJsonConverter.Tests", "XmlToJsonConverter.Tests\XmlToJsonConverter.Tests.csproj", "{A88D6BB7-CD35-4A1A-A577-2B742E1E1A73}"
EndProject
Global
	GlobalSection(SolutionConfigurationPlatforms) = preSolution
		Debug|Any CPU = Debug|Any CPU
		Release|Any CPU = Release|Any CPU
	EndGlobalSection
	GlobalSection(ProjectConfigurationPlatforms) = postSolution
		{1252D325-B661-4660-9B81-1C4ED60C017A}.Debug|Any CPU.ActiveCfg = Debug|Any CPU
		{1252D325-B661-4660-9B81-1C4ED60C017A}.Debug|Any CPU.Build.0 = Debug|Any CPU
		{1252D325-B661-4660-9B81-1C4ED60C017A}.Release|Any CPU.ActiveCfg = Release|Any CPU
		{1252D325-B661-4660-9B81-1C4ED60C017A}.Release|Any CPU.Build.0 = Release|Any CPU
		{61C2730D-C5F8-475C-B759-089A995528C9}.Debug|Any CPU.ActiveCfg = Debug|Any CPU
		{61C2730D-C5F8-475C-B759-089A995528C9}.Debug|Any CPU.Build.0 = Debug|Any CPU
		{61C2730D-C5F8-475C-B759-089A995528C9}.Release|Any CPU.ActiveCfg = Release|Any CPU
		{61C2730D-C5F8-475C-B759-089A995528C9}.Release|Any CPU.Build.0 = Release|Any CPU
		{D38A0A64-9A22-41EB-B953-C58D7DD6F9DF}.Debug|Any CPU.ActiveCfg = Debug|Any CPU
		{D38A0A64-9A22-41EB-B953-C58D7DD6F9DF}.Debug|Any CPU.Build.0 = Debug|Any CPU
		{D38A0A64-9A22-41EB-B953-C58D7DD6F9DF}.Release|Any CPU.ActiveCfg = Release|Any CPU
		{D38A0A64-9A22-41EB-B953-C58D7DD6F9DF}.Release|Any CPU.Build.0 = Release|Any CPU
		{29B9F0CD-CC40-4632-B337-16282EC1F0D1}.Debug|Any CPU.ActiveCfg = Debug|Any CPU
		{29B9F0CD-CC40-4632-B337-16282EC1F0D1}.Debug|Any CPU.Build.0 = Debug|Any CPU
		{29B9F0CD-CC40-4632-B337-16282EC1F0D1}.Release|Any CPU.ActiveCfg = Release|Any CPU
		{29B9F0CD-CC40-4632-B337-16282EC1F0D1}.Release|Any CPU.Build.0 = Release|Any CPU
		{A88D6BB7-CD35-4A1A-A577-2B742E1E1A73}.Debug|Any CPU.ActiveCfg = Debug|Any CPU
		{A88D6BB7-CD35-4A1A-A577-2B742E1E1A73}.Debug|Any CPU.Build.0 = Debug|Any CPU
		{A88D6BB7-CD35-4A1A-A577-2B742E1E1A73}.Release|Any CPU.ActiveCfg = Release|Any CPU
		{A88D6BB7-CD35-4A1A-A577-2B742E1E1A73}.Release|Any CPU.Build.0 = Release|Any CPU
	EndGlobalSection
	GlobalSection(SolutionProperties) = preSolution
		HideSolutionNode = FALSE
	EndGlobalSection
	GlobalSection(ExtensibilityGlobals) = postSolution
		SolutionGuid = {4DA2C2D6-F2AE-4CB6-9E25-8F3BF853530F}
	EndGlobalSection
EndGlobal
